{
  "name": "landsat-web-tracker-frontend",
  "lockfileVersion": 3,
  "requires": true,
  "packages": {
    "": {
      "name": "landsat-web-tracker-frontend",
      "hasInstallScript": true,
      "dependencies": {
        "@internationalized/date": "^3.5.5",
        "@nuxtjs/leaflet": "^1.2.3",
        "@radix-icons/vue": "^1.0.0",
        "@vee-validate/zod": "^4.13.2",
        "@vueuse/core": "^11.1.0",
        "class-variance-authority": "^0.7.0",
        "clsx": "^2.1.1",
        "leaflet-geosearch": "^4.0.0",
        "lucide-vue-next": "^0.441.0",
        "nuxt": "^3.13.0",
        "radix-vue": "^1.9.5",
        "tailwind-merge": "^2.5.2",
        "vee-validate": "^4.13.2",
        "vue": "latest",
        "vue-router": "latest",
        "zod": "^3.23.8"
      },
      "devDependencies": {
        "@antfu/eslint-config": "^2.24.1",
        "@nuxt/eslint": "^0.4.0",
        "@unocss/eslint-plugin": "^0.61.9",
        "@unocss/nuxt": "^0.62.3",
        "eslint": "^8.57.0",
        "sass": "^1.77.8",
        "shadcn-nuxt": "^0.10.4",
        "unocss": "^0.62.3",
        "unocss-preset-shadcn": "^0.3.1"
      }
    },
    "../node_modules/.pnpm/@antfu+eslint-config@2.27.3_@typescript-eslint+utils@8.5.0_eslint@8.57.0_typescript@5.6.2__@u_2x3htg47i73k2demdqdystapjy/node_modules/@antfu/eslint-config": {
      "version": "2.27.3",
      "dev": true,
      "license": "MIT",
      "dependencies": {
        "@antfu/install-pkg": "^0.4.1",
        "@clack/prompts": "^0.7.0",
        "@eslint-community/eslint-plugin-eslint-comments": "^4.4.0",
        "@stylistic/eslint-plugin": "^2.6.4",
        "@typescript-eslint/eslint-plugin": "^8.3.0",
        "@typescript-eslint/parser": "^8.3.0",
        "@vitest/eslint-plugin": "^1.0.5",
        "eslint-config-flat-gitignore": "^0.1.8",
        "eslint-flat-config-utils": "^0.3.1",
        "eslint-merge-processors": "^0.1.0",
        "eslint-plugin-antfu": "^2.3.6",
        "eslint-plugin-command": "^0.2.3",
        "eslint-plugin-import-x": "^4.0.0",
        "eslint-plugin-jsdoc": "^50.2.2",
        "eslint-plugin-jsonc": "^2.16.0",
        "eslint-plugin-markdown": "^5.1.0",
        "eslint-plugin-n": "^17.10.2",
        "eslint-plugin-no-only-tests": "^3.3.0",
        "eslint-plugin-perfectionist": "^3.2.0",
        "eslint-plugin-regexp": "^2.6.0",
        "eslint-plugin-toml": "^0.11.1",
        "eslint-plugin-unicorn": "^55.0.0",
        "eslint-plugin-unused-imports": "^4.1.3",
        "eslint-plugin-vue": "^9.27.0",
        "eslint-plugin-yml": "^1.14.0",
        "eslint-processor-vue-blocks": "^0.1.2",
        "globals": "^15.9.0",
        "jsonc-eslint-parser": "^2.4.0",
        "local-pkg": "^0.5.0",
        "parse-gitignore": "^2.0.0",
        "picocolors": "^1.0.1",
        "toml-eslint-parser": "^0.10.0",
        "vue-eslint-parser": "^9.4.3",
        "yaml-eslint-parser": "^1.2.3",
        "yargs": "^17.7.2"
      },
      "bin": {
        "eslint-config": "bin/index.js"
      },
      "devDependencies": {
        "@antfu/eslint-config": "2.27.3",
        "@antfu/ni": "^0.22.4",
        "@eslint-react/eslint-plugin": "^1.12.1",
        "@eslint/config-inspector": "^0.5.4",
        "@prettier/plugin-xml": "^3.4.1",
        "@stylistic/eslint-plugin-migrate": "^2.6.4",
        "@types/eslint": "^9.6.1",
        "@types/fs-extra": "^11.0.4",
        "@types/node": "^22.5.0",
        "@types/prompts": "^2.4.9",
        "@types/yargs": "^17.0.33",
        "@unocss/eslint-plugin": "^0.62.3",
        "astro-eslint-parser": "^1.0.2",
        "bumpp": "^9.5.2",
        "eslint": "^9.9.1",
        "eslint-plugin-astro": "^1.2.3",
        "eslint-plugin-format": "^0.1.2",
        "eslint-plugin-react-hooks": "^4.6.2",
        "eslint-plugin-react-refresh": "^0.4.11",
        "eslint-plugin-solid": "^0.14.2",
        "eslint-plugin-svelte": "^2.43.0",
        "eslint-typegen": "^0.3.1",
        "esno": "^4.7.0",
        "execa": "^9.3.1",
        "fast-glob": "^3.3.2",
        "fs-extra": "^11.2.0",
        "jiti": "^1.21.6",
        "lint-staged": "^15.2.9",
        "prettier-plugin-astro": "^0.14.1",
        "prettier-plugin-slidev": "^1.0.5",
        "rimraf": "^6.0.1",
        "simple-git-hooks": "^2.11.1",
        "svelte": "^4.2.19",
        "svelte-eslint-parser": "^0.41.0",
        "tsup": "^8.2.4",
        "tsx": "^4.18.0",
        "typescript": "^5.5.4",
        "vitest": "^2.0.5",
        "vue": "^3.4.38"
      },
      "funding": {
        "url": "https://github.com/sponsors/antfu"
      },
      "peerDependencies": {
        "@eslint-react/eslint-plugin": "^1.5.8",
        "@prettier/plugin-xml": "^3.4.1",
        "@unocss/eslint-plugin": ">=0.50.0",
        "astro-eslint-parser": "^1.0.2",
        "eslint": ">=8.40.0",
        "eslint-plugin-astro": "^1.2.0",
        "eslint-plugin-format": ">=0.1.0",
        "eslint-plugin-react-hooks": "^4.6.0",
        "eslint-plugin-react-refresh": "^0.4.4",
        "eslint-plugin-solid": "^0.13.2",
        "eslint-plugin-svelte": ">=2.35.1",
        "prettier-plugin-astro": "^0.13.0",
        "prettier-plugin-slidev": "^1.0.5",
        "svelte-eslint-parser": ">=0.37.0"
      },
      "peerDependenciesMeta": {
        "@eslint-react/eslint-plugin": {
          "optional": true
        },
        "@prettier/plugin-xml": {
          "optional": true
        },
        "@unocss/eslint-plugin": {
          "optional": true
        },
        "astro-eslint-parser": {
          "optional": true
        },
        "eslint-plugin-astro": {
          "optional": true
        },
        "eslint-plugin-format": {
          "optional": true
        },
        "eslint-plugin-react-hooks": {
          "optional": true
        },
        "eslint-plugin-react-refresh": {
          "optional": true
        },
        "eslint-plugin-solid": {
          "optional": true
        },
        "eslint-plugin-svelte": {
          "optional": true
        },
        "prettier-plugin-astro": {
          "optional": true
        },
        "prettier-plugin-slidev": {
          "optional": true
        },
        "svelte-eslint-parser": {
          "optional": true
        }
      }
    },
    "../node_modules/.pnpm/@nuxt+eslint@0.4.0_eslint@8.57.0_magicast@0.3.5_rollup@4.21.3_typescript@5.6.2_vite@5.4.5_@ty_tbldbrk5ubncxyh277bm4ba33m/node_modules/@nuxt/eslint": {
      "version": "0.4.0",
      "dev": true,
      "license": "MIT",
      "dependencies": {
        "@eslint/config-inspector": "^0.5.2",
        "@nuxt/devtools-kit": "^1.3.9",
        "@nuxt/eslint-config": "0.4.0",
        "@nuxt/eslint-plugin": "0.4.0",
        "@nuxt/kit": "^3.12.4",
        "chokidar": "^3.6.0",
        "eslint-flat-config-utils": "^0.3.0",
        "eslint-typegen": "^0.3.0",
        "find-up": "^7.0.0",
        "get-port-please": "^3.1.2",
        "mlly": "^1.7.1",
        "pathe": "^1.1.2",
        "unimport": "^3.9.1"
      },
      "devDependencies": {
        "@nuxt/module-builder": "^0.8.1",
        "@nuxt/schema": "^3.12.4",
        "@typescript-eslint/scope-manager": "^7.17.0",
        "eslint-webpack-plugin": "^4.2.0",
        "nuxt": "^3.12.4",
        "vite-plugin-eslint2": "^4.4.0"
      },
      "peerDependencies": {
        "eslint": "^8.57.0 || ^9.0.0",
        "eslint-webpack-plugin": "^4.1.0",
        "vite-plugin-eslint2": "^4.4.0"
      },
      "peerDependenciesMeta": {
        "eslint-webpack-plugin": {
          "optional": true
        },
        "vite-plugin-eslint2": {
          "optional": true
        }
      }
    },
    "../node_modules/.pnpm/@nuxtjs+leaflet@1.2.3_typescript@5.6.2/node_modules/@nuxtjs/leaflet": {
      "version": "1.2.3",
      "license": "Apache-2.0",
      "dependencies": {
        "@types/leaflet": "^1.9.12",
        "@vue-leaflet/vue-leaflet": "^0.10.1",
        "leaflet": "^1.9.4"
      },
      "devDependencies": {
        "@nuxt/devtools": "latest",
        "@nuxt/eslint-config": "^0.5.7",
        "@nuxt/kit": "^3.13.2",
        "@nuxt/module-builder": "^0.8.4",
        "@nuxt/schema": "^3.13.2",
        "@nuxt/test-utils": "^3.14.2",
        "@nuxt/ui": "^2.18.4",
        "@types/leaflet.heat": "^0.2.4",
        "@types/node": "^20.16.5",
        "@typescript-eslint/eslint-plugin": "^8.6.0",
        "caniuse-lite": "^1.0.30001660",
        "changelogen": "^0.5.5",
        "eslint": "^9.10.0",
        "leaflet.heat": "^0.2.0",
        "leaflet.markercluster": "^1.5.3",
        "nuxt": "^3.13.2",
        "vitepress": "^1.3.4",
        "vitest": "^2.1.1"
      }
    },
    "../node_modules/.pnpm/@radix-icons+vue@1.0.0_vue@3.5.5_typescript@5.6.2_/node_modules/@radix-icons/vue": {
      "version": "1.0.0",
      "license": "MIT",
      "peerDependencies": {
        "vue": ">= 3"
      }
    },
    "../node_modules/.pnpm/@unocss+eslint-plugin@0.61.9_eslint@8.57.0_typescript@5.6.2/node_modules/@unocss/eslint-plugin": {
      "version": "0.61.9",
      "dev": true,
      "license": "MIT",
      "dependencies": {
        "@typescript-eslint/utils": "^7.18.0",
        "@unocss/config": "0.61.9",
        "@unocss/core": "0.61.9",
        "magic-string": "^0.30.11",
        "synckit": "^0.9.1"
      },
      "devDependencies": {
        "@unocss/eslint-plugin": "0.61.9",
        "vue-eslint-parser": "^9.4.3"
      },
      "engines": {
        "node": ">=14"
      },
      "funding": {
        "url": "https://github.com/sponsors/antfu"
      }
    },
    "../node_modules/.pnpm/@unocss+nuxt@0.62.3_magicast@0.3.5_postcss@8.4.45_rollup@4.21.3_vite@5.4.5_@types+node@22.5.4_huwixtpqiq5lt4bzeqrfiulp4q/node_modules/@unocss/nuxt": {
      "version": "0.62.3",
      "dev": true,
      "license": "MIT",
      "dependencies": {
        "@nuxt/kit": "^3.13.0",
        "@unocss/config": "0.62.3",
        "@unocss/core": "0.62.3",
        "@unocss/preset-attributify": "0.62.3",
        "@unocss/preset-icons": "0.62.3",
        "@unocss/preset-tagify": "0.62.3",
        "@unocss/preset-typography": "0.62.3",
        "@unocss/preset-uno": "0.62.3",
        "@unocss/preset-web-fonts": "0.62.3",
        "@unocss/preset-wind": "0.62.3",
        "@unocss/reset": "0.62.3",
        "@unocss/vite": "0.62.3",
        "@unocss/webpack": "0.62.3",
        "unocss": "0.62.3"
      },
      "devDependencies": {
        "@nuxt/schema": "^3.13.0"
      },
      "funding": {
        "url": "https://github.com/sponsors/antfu"
      }
    },
    "../node_modules/.pnpm/@vee-validate+zod@4.13.2_vue@3.5.5_typescript@5.6.2_/node_modules/@vee-validate/zod": {
      "version": "4.13.2",
      "license": "MIT",
      "dependencies": {
        "type-fest": "^4.8.3",
        "vee-validate": "4.13.2",
        "zod": "^3.22.4"
      }
    },
    "../node_modules/.pnpm/@vueuse+core@11.1.0_vue@3.5.5_typescript@5.6.2_/node_modules/@vueuse/core": {
      "version": "11.1.0",
      "license": "MIT",
      "dependencies": {
        "@types/web-bluetooth": "^0.0.20",
        "@vueuse/metadata": "11.1.0",
        "@vueuse/shared": "11.1.0",
        "vue-demi": ">=0.14.10"
      },
      "funding": {
        "url": "https://github.com/sponsors/antfu"
      }
    },
    "../node_modules/.pnpm/class-variance-authority@0.7.0/node_modules/class-variance-authority": {
      "version": "0.7.0",
      "license": "Apache-2.0",
      "dependencies": {
        "clsx": "2.0.0"
      },
      "devDependencies": {
        "@jest/types": "28.1.1",
        "@swc/cli": "0.1.57",
        "@swc/core": "1.2.198",
        "@swc/jest": "0.2.21",
        "@types/jest": "28.1.1",
        "@types/node": "18.11.18",
        "@types/react": "18.0.12",
        "@types/react-dom": "18.0.5",
        "bundlesize": "0.18.1",
        "jest": "28.1.1",
        "npm-run-all": "4.1.5",
        "react": "18.2.0",
        "react-dom": "18.2.0",
        "ts-node": "10.8.1",
        "typescript": "5.1.3"
      },
      "funding": {
        "url": "https://joebell.co.uk"
      }
    },
    "../node_modules/.pnpm/clsx@2.1.1/node_modules/clsx": {
      "version": "2.1.1",
      "license": "MIT",
      "devDependencies": {
        "esm": "3.2.25",
        "terser": "4.8.0",
        "uvu": "0.5.4"
      },
      "engines": {
        "node": ">=6"
      }
    },
    "../node_modules/.pnpm/eslint@8.57.0/node_modules/eslint": {
      "version": "8.57.0",
      "dev": true,
      "license": "MIT",
      "dependencies": {
        "@eslint-community/eslint-utils": "^4.2.0",
        "@eslint-community/regexpp": "^4.6.1",
        "@eslint/eslintrc": "^2.1.4",
        "@eslint/js": "8.57.0",
        "@humanwhocodes/config-array": "^0.11.14",
        "@humanwhocodes/module-importer": "^1.0.1",
        "@nodelib/fs.walk": "^1.2.8",
        "@ungap/structured-clone": "^1.2.0",
        "ajv": "^6.12.4",
        "chalk": "^4.0.0",
        "cross-spawn": "^7.0.2",
        "debug": "^4.3.2",
        "doctrine": "^3.0.0",
        "escape-string-regexp": "^4.0.0",
        "eslint-scope": "^7.2.2",
        "eslint-visitor-keys": "^3.4.3",
        "espree": "^9.6.1",
        "esquery": "^1.4.2",
        "esutils": "^2.0.2",
        "fast-deep-equal": "^3.1.3",
        "file-entry-cache": "^6.0.1",
        "find-up": "^5.0.0",
        "glob-parent": "^6.0.2",
        "globals": "^13.19.0",
        "graphemer": "^1.4.0",
        "ignore": "^5.2.0",
        "imurmurhash": "^0.1.4",
        "is-glob": "^4.0.0",
        "is-path-inside": "^3.0.3",
        "js-yaml": "^4.1.0",
        "json-stable-stringify-without-jsonify": "^1.0.1",
        "levn": "^0.4.1",
        "lodash.merge": "^4.6.2",
        "minimatch": "^3.1.2",
        "natural-compare": "^1.4.0",
        "optionator": "^0.9.3",
        "strip-ansi": "^6.0.1",
        "text-table": "^0.2.0"
      },
      "bin": {
        "eslint": "bin/eslint.js"
      },
      "devDependencies": {
        "@babel/core": "^7.4.3",
        "@babel/preset-env": "^7.4.3",
        "@wdio/browser-runner": "^8.14.6",
        "@wdio/cli": "^8.14.6",
        "@wdio/concise-reporter": "^8.14.0",
        "@wdio/globals": "^8.14.6",
        "@wdio/mocha-framework": "^8.14.0",
        "babel-loader": "^8.0.5",
        "c8": "^7.12.0",
        "chai": "^4.0.1",
        "cheerio": "^0.22.0",
        "common-tags": "^1.8.0",
        "core-js": "^3.1.3",
        "ejs": "^3.0.2",
        "eslint": "file:.",
        "eslint-config-eslint": "file:packages/eslint-config-eslint",
        "eslint-plugin-eslint-comments": "^3.2.0",
        "eslint-plugin-eslint-plugin": "^5.2.1",
        "eslint-plugin-internal-rules": "file:tools/internal-rules",
        "eslint-plugin-jsdoc": "^46.2.5",
        "eslint-plugin-n": "^16.6.0",
        "eslint-plugin-unicorn": "^49.0.0",
        "eslint-release": "^3.2.0",
        "eslump": "^3.0.0",
        "esprima": "^4.0.1",
        "fast-glob": "^3.2.11",
        "fs-teardown": "^0.1.3",
        "glob": "^7.1.6",
        "got": "^11.8.3",
        "gray-matter": "^4.0.3",
        "lint-staged": "^11.0.0",
        "load-perf": "^0.2.0",
        "markdown-it": "^12.2.0",
        "markdown-it-container": "^3.0.0",
        "markdownlint": "^0.32.0",
        "markdownlint-cli": "^0.37.0",
        "marked": "^4.0.8",
        "memfs": "^3.0.1",
        "metascraper": "^5.25.7",
        "metascraper-description": "^5.25.7",
        "metascraper-image": "^5.29.3",
        "metascraper-logo": "^5.25.7",
        "metascraper-logo-favicon": "^5.25.7",
        "metascraper-title": "^5.25.7",
        "mocha": "^8.3.2",
        "mocha-junit-reporter": "^2.0.0",
        "node-polyfill-webpack-plugin": "^1.0.3",
        "npm-license": "^0.3.3",
        "pirates": "^4.0.5",
        "progress": "^2.0.3",
        "proxyquire": "^2.0.1",
        "recast": "^0.23.0",
        "regenerator-runtime": "^0.14.0",
        "rollup-plugin-node-polyfills": "^0.2.1",
        "semver": "^7.5.3",
        "shelljs": "^0.8.2",
        "sinon": "^11.0.0",
        "vite-plugin-commonjs": "^0.10.0",
        "webdriverio": "^8.14.6",
        "webpack": "^5.23.0",
        "webpack-cli": "^4.5.0",
        "yorkie": "^2.0.0"
      },
      "engines": {
        "node": "^12.22.0 || ^14.17.0 || >=16.0.0"
      },
      "funding": {
        "url": "https://opencollective.com/eslint"
      }
    },
    "../node_modules/.pnpm/leaflet-geosearch@4.0.0/node_modules/leaflet-geosearch": {
      "version": "4.0.0",
      "license": "MIT",
      "devDependencies": {
        "@emotion/core": "^10.3.1",
        "@types/google.maps": "^3.53.1",
        "@types/jest": "^29.1.1",
        "@types/lodash.debounce": "^4.0.6",
        "@types/react-dom": "^18.0.6",
        "@types/react-leaflet": "^2.5.1",
        "@typescript-eslint/eslint-plugin": "^5.39.0",
        "@typescript-eslint/parser": "^5.39.0",
        "concurrently": "^7.4.0",
        "cross-env": "^7.0.3",
        "docz": "^2.3.1",
        "docz-theme-default": "^1.2.0",
        "eslint": "^8.24.0",
        "eslint-config-prettier": "^8.5.0",
        "eslint-plugin-prettier": "^4.2.1",
        "eslint-plugin-react": "^7.19.0",
        "gatsby-plugin-react-leaflet": "^2.0.12",
        "husky": "^4.2.5",
        "jest": "^29.1.2",
        "jest-environment-jsdom": "^29.1.2",
        "jest-fetch-mock": "^3.0.3",
        "lint-staged": "^13.0.3",
        "microbundle": "^0.15.1",
        "npm-run-all": "^4.1.5",
        "prettier": "^2.0.4",
        "react": "^16.13.1",
        "react-dom": "^16.13.1",
        "react-leaflet": "^2.6.3",
        "rimraf": "^3.0.2",
        "ts-jest": "^29.0.3",
        "typescript": "^4.8.4"
      },
      "optionalDependencies": {
        "@googlemaps/js-api-loader": "^1.16.6",
        "leaflet": "^1.6.0"
      }
    },
    "../node_modules/.pnpm/lucide-vue-next@0.441.0_vue@3.5.5_typescript@5.6.2_/node_modules/lucide-vue-next": {
      "version": "0.441.0",
      "license": "ISC",
      "devDependencies": {
        "@lucide/build-icons": "1.1.0",
        "@lucide/rollup-plugins": "1.0.0",
        "@lucide/shared": "1.0.0",
        "@testing-library/jest-dom": "^6.1.6",
        "@testing-library/vue": "^8.0.3",
        "@vitejs/plugin-vue": "^4.6.2",
        "@vue/test-utils": "2.4.5",
        "rollup": "^4.9.2",
        "rollup-plugin-dts": "^6.1.0",
        "vite": "5.0.13",
        "vitest": "^1.4.0",
        "vue": "^3.4.21"
      },
      "peerDependencies": {
        "vue": ">=3.0.1"
      }
    },
    "../node_modules/.pnpm/nuxt@3.13.1_@parcel+watcher@2.4.1_@types+node@22.5.4_eslint@8.57.0_ioredis@5.4.1_magicast@0.3_a5jktaawzporhlpsakqttb27li/node_modules/nuxt": {
      "version": "3.13.1",
      "license": "MIT",
      "dependencies": {
        "@nuxt/devalue": "^2.0.2",
        "@nuxt/devtools": "^1.4.1",
        "@nuxt/kit": "3.13.1",
        "@nuxt/schema": "3.13.1",
        "@nuxt/telemetry": "^2.5.4",
        "@nuxt/vite-builder": "3.13.1",
        "@unhead/dom": "^1.10.4",
        "@unhead/ssr": "^1.10.4",
        "@unhead/vue": "^1.10.4",
        "@vue/shared": "^3.5.0",
        "acorn": "8.12.1",
        "c12": "^1.11.2",
        "chokidar": "^3.6.0",
        "compatx": "^0.1.8",
        "consola": "^3.2.3",
        "cookie-es": "^1.2.2",
        "defu": "^6.1.4",
        "destr": "^2.0.3",
        "devalue": "^5.0.0",
        "errx": "^0.1.0",
        "esbuild": "^0.23.1",
        "escape-string-regexp": "^5.0.0",
        "estree-walker": "^3.0.3",
        "globby": "^14.0.2",
        "h3": "^1.12.0",
        "hookable": "^5.5.3",
        "ignore": "^5.3.2",
        "impound": "^0.1.0",
        "jiti": "^1.21.6",
        "klona": "^2.0.6",
        "knitwork": "^1.1.0",
        "magic-string": "^0.30.11",
        "mlly": "^1.7.1",
        "nanotar": "^0.1.1",
        "nitropack": "^2.9.7",
        "nuxi": "^3.13.1",
        "nypm": "^0.3.11",
        "ofetch": "^1.3.4",
        "ohash": "^1.1.3",
        "pathe": "^1.1.2",
        "perfect-debounce": "^1.0.0",
        "pkg-types": "^1.2.0",
        "radix3": "^1.1.2",
        "scule": "^1.3.0",
        "semver": "^7.6.3",
        "std-env": "^3.7.0",
        "strip-literal": "^2.1.0",
        "tinyglobby": "0.2.5",
        "ufo": "^1.5.4",
        "ultrahtml": "^1.5.3",
        "uncrypto": "^0.1.3",
        "unctx": "^2.3.1",
        "unenv": "^1.10.0",
        "unimport": "^3.11.1",
        "unplugin": "^1.12.3",
        "unplugin-vue-router": "^0.10.7",
        "unstorage": "^1.10.2",
        "untyped": "^1.4.2",
        "vue": "^3.5.0",
        "vue-bundle-renderer": "^2.1.0",
        "vue-devtools-stub": "^0.1.0",
        "vue-router": "^4.4.3"
      },
      "bin": {
        "nuxi": "bin/nuxt.mjs",
        "nuxt": "bin/nuxt.mjs"
      },
      "devDependencies": {
        "@nuxt/scripts": "0.8.2",
        "@nuxt/ui-templates": "1.3.4",
        "@parcel/watcher": "2.4.1",
        "@types/estree": "1.0.5",
        "@vitejs/plugin-vue": "5.1.3",
        "@vue/compiler-sfc": "3.5.0",
        "unbuild": "latest",
        "vite": "5.4.3",
        "vitest": "2.0.5"
      },
      "engines": {
        "node": "^14.18.0 || >=16.10.0"
      },
      "peerDependencies": {
        "@parcel/watcher": "^2.1.0",
        "@types/node": "^14.18.0 || >=16.10.0"
      },
      "peerDependenciesMeta": {
        "@parcel/watcher": {
          "optional": true
        },
        "@types/node": {
          "optional": true
        }
      }
    },
    "../node_modules/.pnpm/radix-vue@1.9.5_vue@3.5.5_typescript@5.6.2_/node_modules/radix-vue": {
      "version": "1.9.5",
      "license": "MIT",
      "dependencies": {
        "@floating-ui/dom": "^1.6.7",
        "@floating-ui/vue": "^1.1.0",
        "@internationalized/date": "^3.5.4",
        "@internationalized/number": "^3.5.3",
        "@tanstack/vue-virtual": "^3.8.1",
        "@vueuse/core": "^10.11.0",
        "@vueuse/shared": "^10.11.0",
        "aria-hidden": "^1.2.4",
        "defu": "^6.1.4",
        "fast-deep-equal": "^3.1.3",
        "nanoid": "^5.0.7"
      },
      "devDependencies": {
        "@iconify/vue": "^4.1.2",
        "@testing-library/dom": "^10.4.0",
        "@testing-library/jest-dom": "^6.4.8",
        "@testing-library/user-event": "^14.5.2",
        "@testing-library/vue": "^8.1.0",
        "@tsconfig/node18": "^18.2.4",
        "@types/node": "^20.14.9",
        "@vitejs/plugin-vue": "^5.1.2",
        "@vitejs/plugin-vue-jsx": "^4.0.1",
        "@vitest/coverage-istanbul": "^2.0.5",
        "@vue/test-utils": "^2.4.6",
        "@vue/tsconfig": "^0.5.1",
        "jsdom": "^24.1.1",
        "vite": "^5.4.1",
        "vite-plugin-dts": "^4.0.3",
        "vitest": "^2.0.5",
        "vitest-axe": "0.1.0",
        "vitest-canvas-mock": "^0.3.3",
        "vue": "3.4.31",
        "vue-component-type-helpers": "^2.0.24",
        "vue-tsc": "2.0.24"
      },
      "peerDependencies": {
        "vue": ">= 3.2.0"
      }
    },
    "../node_modules/.pnpm/sass@1.78.0/node_modules/sass": {
      "version": "1.78.0",
      "dev": true,
      "license": "MIT",
      "dependencies": {
        "chokidar": ">=3.0.0 <4.0.0",
        "immutable": "^4.0.0",
        "source-map-js": ">=0.6.2 <2.0.0"
      },
      "bin": {
        "sass": "sass.js"
      },
      "engines": {
        "node": ">=14.0.0"
      }
    },
    "../node_modules/.pnpm/shadcn-nuxt@0.10.4_magicast@0.3.5_rollup@4.21.3_webpack-sources@3.2.3/node_modules/shadcn-nuxt": {
      "version": "0.10.4",
      "dev": true,
      "license": "MIT",
      "dependencies": {
        "@nuxt/kit": "^3.11.2",
        "@oxc-parser/wasm": "^0.1.0"
      },
      "devDependencies": {
        "@nuxt/devtools": "latest",
        "@nuxt/eslint-config": "^0.3.6",
        "@nuxt/module-builder": "^0.5.5",
        "@nuxt/schema": "^3.11.2",
        "@nuxt/test-utils": "^3.12.0",
        "@types/node": "^20.12.7",
        "nuxt": "^3.11.2",
        "vitest": "^0.33.0"
      }
    },
    "../node_modules/.pnpm/tailwind-merge@2.5.2/node_modules/tailwind-merge": {
      "version": "2.5.2",
      "license": "MIT",
      "devDependencies": {
        "@babel/core": "^7.25.2",
        "@babel/preset-env": "^7.25.3",
        "@rollup/plugin-babel": "^6.0.4",
        "@rollup/plugin-node-resolve": "^15.2.3",
        "@rollup/plugin-typescript": "^11.1.6",
        "@types/jest": "^29.5.12",
        "@typescript-eslint/eslint-plugin": "^8.0.1",
        "@typescript-eslint/parser": "^8.0.1",
        "babel-plugin-annotate-pure-calls": "^0.4.0",
        "babel-plugin-polyfill-regenerator": "^0.6.2",
        "eslint": "^8.57.0",
        "eslint-plugin-import": "^2.29.1",
        "eslint-plugin-jest": "^28.6.0",
        "globby": "^11.1.0",
        "jest": "^29.7.0",
        "prettier": "^3.3.3",
        "rollup": "^4.19.1",
        "rollup-plugin-delete": "^2.0.0",
        "rollup-plugin-dts": "^6.1.1",
        "ts-jest": "^29.2.3",
        "tslib": "^2.6.3",
        "typescript": "^5.5.4",
        "zx": "^8.1.4"
      },
      "funding": {
        "type": "github",
        "url": "https://github.com/sponsors/dcastil"
      }
    },
    "../node_modules/.pnpm/unocss-preset-shadcn@0.3.1_unocss-preset-animations@1.1.0_@unocss+preset-wind@0.62.3_unocss@0_kunlavs64bcfo5wirzbgtxh2eu/node_modules/unocss-preset-shadcn": {
      "version": "0.3.1",
      "dev": true,
      "license": "MIT",
      "devDependencies": {
        "@antfu/ni": "^0.21.12",
        "@antfu/utils": "^0.7.10",
        "@types/node": "^20.14.9",
        "@unocss/preset-mini": "^0.60.4",
        "eslint": "^9.6.0",
        "eslint-config-hyoban": "https://pkg.pr.new/hyoban/eslint-config-hyoban@main",
        "lint-staged": "^15.2.7",
        "pnpm": "^9.4.0",
        "simple-git-hooks": "^2.11.1",
        "typescript": "^5.5.3",
        "unbuild": "^2.0.0",
        "unocss": "^0.60.4",
        "vite": "^5.3.3",
        "vitest": "^1.6.0"
      },
      "peerDependencies": {
        "unocss": ">= 0.56.0 < 1",
        "unocss-preset-animations": "^1.0.1"
      }
    },
    "../node_modules/.pnpm/unocss@0.62.3_@unocss+webpack@0.62.3_rollup@4.21.3_webpack@5.94.0_esbuild@0.23.1___postcss@8._rbw7ya3lurppp7ynu7ucjdv2oq/node_modules/unocss": {
      "version": "0.62.3",
      "dev": true,
      "license": "MIT",
      "dependencies": {
        "@unocss/astro": "0.62.3",
        "@unocss/cli": "0.62.3",
        "@unocss/core": "0.62.3",
        "@unocss/extractor-arbitrary-variants": "0.62.3",
        "@unocss/postcss": "0.62.3",
        "@unocss/preset-attributify": "0.62.3",
        "@unocss/preset-icons": "0.62.3",
        "@unocss/preset-mini": "0.62.3",
        "@unocss/preset-tagify": "0.62.3",
        "@unocss/preset-typography": "0.62.3",
        "@unocss/preset-uno": "0.62.3",
        "@unocss/preset-web-fonts": "0.62.3",
        "@unocss/preset-wind": "0.62.3",
        "@unocss/reset": "0.62.3",
        "@unocss/transformer-attributify-jsx": "0.62.3",
        "@unocss/transformer-attributify-jsx-babel": "0.62.3",
        "@unocss/transformer-compile-class": "0.62.3",
        "@unocss/transformer-directives": "0.62.3",
        "@unocss/transformer-variant-group": "0.62.3",
        "@unocss/vite": "0.62.3"
      },
      "devDependencies": {
        "@unocss/webpack": "0.62.3",
        "vite": "^5.4.2"
      },
      "engines": {
        "node": ">=14"
      },
      "funding": {
        "url": "https://github.com/sponsors/antfu"
      },
      "peerDependencies": {
        "@unocss/webpack": "0.62.3",
        "vite": "^2.9.0 || ^3.0.0-0 || ^4.0.0 || ^5.0.0-0"
      },
      "peerDependenciesMeta": {
        "@unocss/webpack": {
          "optional": true
        },
        "vite": {
          "optional": true
        }
      }
    },
    "../node_modules/.pnpm/vee-validate@4.13.2_vue@3.5.5_typescript@5.6.2_/node_modules/vee-validate": {
      "version": "4.13.2",
      "license": "MIT",
      "dependencies": {
        "@vue/devtools-api": "^6.6.1",
        "type-fest": "^4.8.3"
      },
      "peerDependencies": {
        "vue": "^3.4.26"
      }
    },
    "../node_modules/.pnpm/zod@3.23.8/node_modules/zod": {
      "version": "3.23.8",
      "license": "MIT",
      "devDependencies": {
        "@babel/core": "^7.22.5",
        "@babel/preset-env": "^7.22.5",
        "@babel/preset-typescript": "^7.22.5",
        "@jest/globals": "^29.4.3",
        "@rollup/plugin-typescript": "^8.2.0",
        "@swc/core": "^1.3.66",
        "@swc/jest": "^0.2.26",
        "@types/benchmark": "^2.1.0",
        "@types/jest": "^29.2.2",
        "@types/node": "14",
        "@typescript-eslint/eslint-plugin": "^5.15.0",
        "@typescript-eslint/parser": "^5.15.0",
        "babel-jest": "^29.5.0",
        "benchmark": "^2.1.4",
        "dependency-cruiser": "^9.19.0",
        "eslint": "^8.11.0",
        "eslint-config-prettier": "^8.5.0",
        "eslint-plugin-ban": "^1.6.0",
        "eslint-plugin-import": "^2.25.4",
        "eslint-plugin-simple-import-sort": "^7.0.0",
        "eslint-plugin-unused-imports": "^2.0.0",
        "husky": "^7.0.4",
        "jest": "^29.3.1",
        "lint-staged": "^12.3.7",
        "nodemon": "^2.0.15",
        "prettier": "^2.6.0",
        "pretty-quick": "^3.1.3",
        "rollup": "^2.70.1",
        "ts-jest": "^29.1.0",
        "ts-morph": "^14.0.0",
        "ts-node": "^10.9.1",
        "tslib": "^2.3.1",
        "tsx": "^3.8.0",
        "typescript": "~4.5.5",
        "vitest": "^0.32.2"
      },
      "funding": {
        "url": "https://github.com/sponsors/colinhacks"
      }
    },
    "node_modules/@antfu/eslint-config": {
      "resolved": "../node_modules/.pnpm/@antfu+eslint-config@2.27.3_@typescript-eslint+utils@8.5.0_eslint@8.57.0_typescript@5.6.2__@u_2x3htg47i73k2demdqdystapjy/node_modules/@antfu/eslint-config",
      "link": true
    },
    "node_modules/@babel/helper-string-parser": {
      "version": "7.24.8",
      "resolved": "https://registry.npmjs.org/@babel/helper-string-parser/-/helper-string-parser-7.24.8.tgz",
      "integrity": "sha512-pO9KhhRcuUyGnJWwyEgnRJTSIZHiT+vMD0kPeD+so0l7mxkMT19g3pjY9GTnHySck/hDzq+dtW/4VgnMkippsQ==",
      "license": "MIT",
      "engines": {
        "node": ">=6.9.0"
      }
    },
    "node_modules/@babel/helper-validator-identifier": {
      "version": "7.24.7",
      "resolved": "https://registry.npmjs.org/@babel/helper-validator-identifier/-/helper-validator-identifier-7.24.7.tgz",
      "integrity": "sha512-rR+PBcQ1SMQDDyF6X0wxtG8QyLCgUB0eRAGguqRLfkCA87l7yAP7ehq8SNj96OOGTO8OBV70KhuFYcIkHXOg0w==",
      "license": "MIT",
      "engines": {
        "node": ">=6.9.0"
      }
    },
    "node_modules/@babel/parser": {
      "version": "7.25.6",
      "resolved": "https://registry.npmjs.org/@babel/parser/-/parser-7.25.6.tgz",
      "integrity": "sha512-trGdfBdbD0l1ZPmcJ83eNxB9rbEax4ALFTF7fN386TMYbeCQbyme5cOEXQhbGXKebwGaB/J52w1mrklMcbgy6Q==",
      "license": "MIT",
      "dependencies": {
        "@babel/types": "^7.25.6"
      },
      "bin": {
        "parser": "bin/babel-parser.js"
      },
      "engines": {
        "node": ">=6.0.0"
      }
    },
    "node_modules/@babel/types": {
      "version": "7.25.6",
      "resolved": "https://registry.npmjs.org/@babel/types/-/types-7.25.6.tgz",
      "integrity": "sha512-/l42B1qxpG6RdfYf343Uw1vmDjeNhneUXtzhojE7pDgfpEypmRhI6j1kr17XCVv4Cgl9HdAiQY2x0GwKm7rWCw==",
      "license": "MIT",
      "dependencies": {
        "@babel/helper-string-parser": "^7.24.8",
        "@babel/helper-validator-identifier": "^7.24.7",
        "to-fast-properties": "^2.0.0"
      },
      "engines": {
        "node": ">=6.9.0"
      }
    },
    "node_modules/@internationalized/date": {
      "version": "3.5.5",
      "resolved": "https://registry.npmjs.org/@internationalized/date/-/date-3.5.5.tgz",
      "integrity": "sha512-H+CfYvOZ0LTJeeLOqm19E3uj/4YjrmOFtBufDHPfvtI80hFAMqtrp7oCACpe4Cil5l8S0Qu/9dYfZc/5lY8WQQ==",
      "license": "Apache-2.0",
      "dependencies": {
        "@swc/helpers": "^0.5.0"
      }
    },
    "node_modules/@jridgewell/sourcemap-codec": {
      "version": "1.5.0",
      "resolved": "https://registry.npmjs.org/@jridgewell/sourcemap-codec/-/sourcemap-codec-1.5.0.tgz",
      "integrity": "sha512-gv3ZRaISU3fjPAgNsriBRqGWQL6quFx04YMPW/zD8XMLsU32mhCCbfbO6KZFLjvYpCZ8zyDEgqsgf+PwPaM7GQ==",
      "license": "MIT"
    },
    "node_modules/@nuxt/eslint": {
      "resolved": "../node_modules/.pnpm/@nuxt+eslint@0.4.0_eslint@8.57.0_magicast@0.3.5_rollup@4.21.3_typescript@5.6.2_vite@5.4.5_@ty_tbldbrk5ubncxyh277bm4ba33m/node_modules/@nuxt/eslint",
      "link": true
    },
    "node_modules/@nuxtjs/leaflet": {
      "resolved": "../node_modules/.pnpm/@nuxtjs+leaflet@1.2.3_typescript@5.6.2/node_modules/@nuxtjs/leaflet",
      "link": true
    },
    "node_modules/@radix-icons/vue": {
      "resolved": "../node_modules/.pnpm/@radix-icons+vue@1.0.0_vue@3.5.5_typescript@5.6.2_/node_modules/@radix-icons/vue",
      "link": true
    },
    "node_modules/@swc/helpers": {
      "version": "0.5.13",
      "resolved": "https://registry.npmjs.org/@swc/helpers/-/helpers-0.5.13.tgz",
      "integrity": "sha512-UoKGxQ3r5kYI9dALKJapMmuK+1zWM/H17Z1+iwnNmzcJRnfFuevZs375TA5rW31pu4BS4NoSy1fRsexDXfWn5w==",
      "license": "Apache-2.0",
      "dependencies": {
        "tslib": "^2.4.0"
      }
    },
    "node_modules/@unocss/eslint-plugin": {
      "resolved": "../node_modules/.pnpm/@unocss+eslint-plugin@0.61.9_eslint@8.57.0_typescript@5.6.2/node_modules/@unocss/eslint-plugin",
      "link": true
    },
    "node_modules/@unocss/nuxt": {
      "resolved": "../node_modules/.pnpm/@unocss+nuxt@0.62.3_magicast@0.3.5_postcss@8.4.45_rollup@4.21.3_vite@5.4.5_@types+node@22.5.4_huwixtpqiq5lt4bzeqrfiulp4q/node_modules/@unocss/nuxt",
      "link": true
    },
    "node_modules/@vee-validate/zod": {
      "resolved": "../node_modules/.pnpm/@vee-validate+zod@4.13.2_vue@3.5.5_typescript@5.6.2_/node_modules/@vee-validate/zod",
      "link": true
    },
    "node_modules/@vue/compiler-core": {
      "version": "3.5.6",
      "resolved": "https://registry.npmjs.org/@vue/compiler-core/-/compiler-core-3.5.6.tgz",
      "integrity": "sha512-r+gNu6K4lrvaQLQGmf+1gc41p3FO2OUJyWmNqaIITaJU6YFiV5PtQSFZt8jfztYyARwqhoCayjprC7KMvT3nRA==",
      "license": "MIT",
      "dependencies": {
        "@babel/parser": "^7.25.3",
        "@vue/shared": "3.5.6",
        "entities": "^4.5.0",
        "estree-walker": "^2.0.2",
        "source-map-js": "^1.2.0"
      }
    },
    "node_modules/@vue/compiler-dom": {
      "version": "3.5.6",
      "resolved": "https://registry.npmjs.org/@vue/compiler-dom/-/compiler-dom-3.5.6.tgz",
      "integrity": "sha512-xRXqxDrIqK8v8sSScpistyYH0qYqxakpsIvqMD2e5sV/PXQ1mTwtXp4k42yHK06KXxKSmitop9e45Ui/3BrTEw==",
      "license": "MIT",
      "dependencies": {
        "@vue/compiler-core": "3.5.6",
        "@vue/shared": "3.5.6"
      }
    },
    "node_modules/@vue/compiler-sfc": {
      "version": "3.5.6",
      "resolved": "https://registry.npmjs.org/@vue/compiler-sfc/-/compiler-sfc-3.5.6.tgz",
      "integrity": "sha512-pjWJ8Kj9TDHlbF5LywjVso+BIxCY5wVOLhkEXRhuCHDxPFIeX1zaFefKs8RYoHvkSMqRWt93a0f2gNJVJixHwg==",
      "license": "MIT",
      "dependencies": {
        "@babel/parser": "^7.25.3",
        "@vue/compiler-core": "3.5.6",
        "@vue/compiler-dom": "3.5.6",
        "@vue/compiler-ssr": "3.5.6",
        "@vue/shared": "3.5.6",
        "estree-walker": "^2.0.2",
        "magic-string": "^0.30.11",
        "postcss": "^8.4.47",
        "source-map-js": "^1.2.0"
      }
    },
    "node_modules/@vue/compiler-ssr": {
      "version": "3.5.6",
      "resolved": "https://registry.npmjs.org/@vue/compiler-ssr/-/compiler-ssr-3.5.6.tgz",
      "integrity": "sha512-VpWbaZrEOCqnmqjE83xdwegtr5qO/2OPUC6veWgvNqTJ3bYysz6vY3VqMuOijubuUYPRpG3OOKIh9TD0Stxb9A==",
      "license": "MIT",
      "dependencies": {
        "@vue/compiler-dom": "3.5.6",
        "@vue/shared": "3.5.6"
      }
    },
    "node_modules/@vue/devtools-api": {
      "version": "6.6.4",
      "resolved": "https://registry.npmjs.org/@vue/devtools-api/-/devtools-api-6.6.4.tgz",
      "integrity": "sha512-sGhTPMuXqZ1rVOk32RylztWkfXTRhuS7vgAKv0zjqk8gbsHkJ7xfFf+jbySxt7tWObEJwyKaHMikV/WGDiQm8g==",
      "license": "MIT"
    },
    "node_modules/@vue/reactivity": {
      "version": "3.5.6",
      "resolved": "https://registry.npmjs.org/@vue/reactivity/-/reactivity-3.5.6.tgz",
      "integrity": "sha512-shZ+KtBoHna5GyUxWfoFVBCVd7k56m6lGhk5e+J9AKjheHF6yob5eukssHRI+rzvHBiU1sWs/1ZhNbLExc5oYQ==",
      "license": "MIT",
      "dependencies": {
        "@vue/shared": "3.5.6"
      }
    },
    "node_modules/@vue/runtime-core": {
      "version": "3.5.6",
      "resolved": "https://registry.npmjs.org/@vue/runtime-core/-/runtime-core-3.5.6.tgz",
      "integrity": "sha512-FpFULR6+c2lI+m1fIGONLDqPQO34jxV8g6A4wBOgne8eSRHP6PQL27+kWFIx5wNhhjkO7B4rgtsHAmWv7qKvbg==",
      "license": "MIT",
      "dependencies": {
        "@vue/reactivity": "3.5.6",
        "@vue/shared": "3.5.6"
      }
    },
    "node_modules/@vue/runtime-dom": {
      "version": "3.5.6",
      "resolved": "https://registry.npmjs.org/@vue/runtime-dom/-/runtime-dom-3.5.6.tgz",
      "integrity": "sha512-SDPseWre45G38ENH2zXRAHL1dw/rr5qp91lS4lt/nHvMr0MhsbCbihGAWLXNB/6VfFOJe2O+RBRkXU+CJF7/sw==",
      "license": "MIT",
      "dependencies": {
        "@vue/reactivity": "3.5.6",
        "@vue/runtime-core": "3.5.6",
        "@vue/shared": "3.5.6",
        "csstype": "^3.1.3"
      }
    },
    "node_modules/@vue/server-renderer": {
      "version": "3.5.6",
      "resolved": "https://registry.npmjs.org/@vue/server-renderer/-/server-renderer-3.5.6.tgz",
      "integrity": "sha512-zivnxQnOnwEXVaT9CstJ64rZFXMS5ZkKxCjDQKiMSvUhXRzFLWZVbaBiNF4HGDqGNNsTgmjcCSmU6TB/0OOxLA==",
      "license": "MIT",
      "dependencies": {
        "@vue/compiler-ssr": "3.5.6",
        "@vue/shared": "3.5.6"
      },
      "peerDependencies": {
        "vue": "3.5.6"
      }
    },
    "node_modules/@vue/shared": {
      "version": "3.5.6",
      "resolved": "https://registry.npmjs.org/@vue/shared/-/shared-3.5.6.tgz",
      "integrity": "sha512-eidH0HInnL39z6wAt6SFIwBrvGOpDWsDxlw3rCgo1B+CQ1781WzQUSU3YjxgdkcJo9Q8S6LmXTkvI+cLHGkQfA==",
      "license": "MIT"
    },
    "node_modules/@vueuse/core": {
      "resolved": "../node_modules/.pnpm/@vueuse+core@11.1.0_vue@3.5.5_typescript@5.6.2_/node_modules/@vueuse/core",
      "link": true
    },
    "node_modules/class-variance-authority": {
      "resolved": "../node_modules/.pnpm/class-variance-authority@0.7.0/node_modules/class-variance-authority",
      "link": true
    },
    "node_modules/clsx": {
      "resolved": "../node_modules/.pnpm/clsx@2.1.1/node_modules/clsx",
      "link": true
    },
    "node_modules/csstype": {
      "version": "3.1.3",
      "resolved": "https://registry.npmjs.org/csstype/-/csstype-3.1.3.tgz",
      "integrity": "sha512-M1uQkMl8rQK/szD0LNhtqxIPLpimGm8sOBwU7lLnCpSbTyY3yeU1Vc7l4KT5zT4s/yOxHH5O7tIuuLOCnLADRw==",
      "license": "MIT"
    },
    "node_modules/entities": {
      "version": "4.5.0",
      "resolved": "https://registry.npmjs.org/entities/-/entities-4.5.0.tgz",
      "integrity": "sha512-V0hjH4dGPh9Ao5p0MoRY6BVqtwCjhz6vI5LT8AJ55H+4g9/4vbHx1I54fS0XuclLhDHArPQCiMjDxjaL8fPxhw==",
      "license": "BSD-2-Clause",
      "engines": {
        "node": ">=0.12"
      },
      "funding": {
        "url": "https://github.com/fb55/entities?sponsor=1"
      }
    },
    "node_modules/eslint": {
      "resolved": "../node_modules/.pnpm/eslint@8.57.0/node_modules/eslint",
      "link": true
    },
    "node_modules/estree-walker": {
      "version": "2.0.2",
      "resolved": "https://registry.npmjs.org/estree-walker/-/estree-walker-2.0.2.tgz",
      "integrity": "sha512-Rfkk/Mp/DL7JVje3u18FxFujQlTNR2q6QfMSMB7AvCBx91NGj/ba3kCfza0f6dVDbw7YlRf/nDrn7pQrCCyQ/w==",
      "license": "MIT"
    },
    "node_modules/leaflet-geosearch": {
      "resolved": "../node_modules/.pnpm/leaflet-geosearch@4.0.0/node_modules/leaflet-geosearch",
      "link": true
    },
    "node_modules/lucide-vue-next": {
      "resolved": "../node_modules/.pnpm/lucide-vue-next@0.441.0_vue@3.5.5_typescript@5.6.2_/node_modules/lucide-vue-next",
      "link": true
    },
    "node_modules/magic-string": {
      "version": "0.30.11",
      "resolved": "https://registry.npmjs.org/magic-string/-/magic-string-0.30.11.tgz",
      "integrity": "sha512-+Wri9p0QHMy+545hKww7YAu5NyzF8iomPL/RQazugQ9+Ez4Ic3mERMd8ZTX5rfK944j+560ZJi8iAwgak1Ac7A==",
      "license": "MIT",
      "dependencies": {
        "@jridgewell/sourcemap-codec": "^1.5.0"
      }
    },
    "node_modules/nanoid": {
      "version": "3.3.7",
      "resolved": "https://registry.npmjs.org/nanoid/-/nanoid-3.3.7.tgz",
      "integrity": "sha512-eSRppjcPIatRIMC1U6UngP8XFcz8MQWGQdt1MTBQ7NaAmvXDfvNxbvWV3x2y6CdEUciCSsDHDQZbhYaB8QEo2g==",
      "funding": [
        {
          "type": "github",
          "url": "https://github.com/sponsors/ai"
        }
      ],
      "license": "MIT",
      "bin": {
        "nanoid": "bin/nanoid.cjs"
      },
      "engines": {
        "node": "^10 || ^12 || ^13.7 || ^14 || >=15.0.1"
      }
    },
    "node_modules/nuxt": {
      "resolved": "../node_modules/.pnpm/nuxt@3.13.1_@parcel+watcher@2.4.1_@types+node@22.5.4_eslint@8.57.0_ioredis@5.4.1_magicast@0.3_a5jktaawzporhlpsakqttb27li/node_modules/nuxt",
      "link": true
    },
    "node_modules/picocolors": {
      "version": "1.1.0",
      "resolved": "https://registry.npmjs.org/picocolors/-/picocolors-1.1.0.tgz",
      "integrity": "sha512-TQ92mBOW0l3LeMeyLV6mzy/kWr8lkd/hp3mTg7wYK7zJhuBStmGMBG0BdeDZS/dZx1IukaX6Bk11zcln25o1Aw==",
      "license": "ISC"
    },
    "node_modules/postcss": {
      "version": "8.4.47",
      "resolved": "https://registry.npmjs.org/postcss/-/postcss-8.4.47.tgz",
      "integrity": "sha512-56rxCq7G/XfB4EkXq9Egn5GCqugWvDFjafDOThIdMBsI15iqPqR5r15TfSr1YPYeEI19YeaXMCbY6u88Y76GLQ==",
      "funding": [
        {
          "type": "opencollective",
          "url": "https://opencollective.com/postcss/"
        },
        {
          "type": "tidelift",
          "url": "https://tidelift.com/funding/github/npm/postcss"
        },
        {
          "type": "github",
          "url": "https://github.com/sponsors/ai"
        }
      ],
      "license": "MIT",
      "dependencies": {
        "nanoid": "^3.3.7",
        "picocolors": "^1.1.0",
        "source-map-js": "^1.2.1"
      },
      "engines": {
        "node": "^10 || ^12 || >=14"
      }
    },
    "node_modules/radix-vue": {
      "resolved": "../node_modules/.pnpm/radix-vue@1.9.5_vue@3.5.5_typescript@5.6.2_/node_modules/radix-vue",
      "link": true
    },
    "node_modules/sass": {
      "resolved": "../node_modules/.pnpm/sass@1.78.0/node_modules/sass",
      "link": true
    },
    "node_modules/shadcn-nuxt": {
      "resolved": "../node_modules/.pnpm/shadcn-nuxt@0.10.4_magicast@0.3.5_rollup@4.21.3_webpack-sources@3.2.3/node_modules/shadcn-nuxt",
      "link": true
    },
    "node_modules/source-map-js": {
      "version": "1.2.1",
      "resolved": "https://registry.npmjs.org/source-map-js/-/source-map-js-1.2.1.tgz",
      "integrity": "sha512-UXWMKhLOwVKb728IUtQPXxfYU+usdybtUrK/8uGE8CQMvrhOpwvzDBwj0QhSL7MQc7vIsISBG8VQ8+IDQxpfQA==",
      "license": "BSD-3-Clause",
      "engines": {
        "node": ">=0.10.0"
      }
    },
    "node_modules/tailwind-merge": {
      "resolved": "../node_modules/.pnpm/tailwind-merge@2.5.2/node_modules/tailwind-merge",
      "link": true
    },
    "node_modules/to-fast-properties": {
      "version": "2.0.0",
      "resolved": "https://registry.npmjs.org/to-fast-properties/-/to-fast-properties-2.0.0.tgz",
      "integrity": "sha512-/OaKK0xYrs3DmxRYqL/yDc+FxFUVYhDlXMhRmv3z915w2HF1tnN1omB354j8VUGO/hbRzyD6Y3sA7v7GS/ceog==",
      "license": "MIT",
      "engines": {
        "node": ">=4"
      }
    },
    "node_modules/tslib": {
      "version": "2.7.0",
      "resolved": "https://registry.npmjs.org/tslib/-/tslib-2.7.0.tgz",
      "integrity": "sha512-gLXCKdN1/j47AiHiOkJN69hJmcbGTHI0ImLmbYLHykhgeN0jVGola9yVjFgzCUklsZQMW55o+dW7IXv3RCXDzA==",
      "license": "0BSD"
    },
    "node_modules/unocss": {
      "resolved": "../node_modules/.pnpm/unocss@0.62.3_@unocss+webpack@0.62.3_rollup@4.21.3_webpack@5.94.0_esbuild@0.23.1___postcss@8._rbw7ya3lurppp7ynu7ucjdv2oq/node_modules/unocss",
      "link": true
    },
    "node_modules/unocss-preset-shadcn": {
      "resolved": "../node_modules/.pnpm/unocss-preset-shadcn@0.3.1_unocss-preset-animations@1.1.0_@unocss+preset-wind@0.62.3_unocss@0_kunlavs64bcfo5wirzbgtxh2eu/node_modules/unocss-preset-shadcn",
      "link": true
    },
    "node_modules/vee-validate": {
      "resolved": "../node_modules/.pnpm/vee-validate@4.13.2_vue@3.5.5_typescript@5.6.2_/node_modules/vee-validate",
      "link": true
    },
    "node_modules/vue": {
      "version": "3.5.6",
      "resolved": "https://registry.npmjs.org/vue/-/vue-3.5.6.tgz",
      "integrity": "sha512-zv+20E2VIYbcJOzJPUWp03NOGFhMmpCKOfSxVTmCYyYFFko48H9tmuQFzYj7tu4qX1AeXlp9DmhIP89/sSxxhw==",
      "license": "MIT",
      "dependencies": {
        "@vue/compiler-dom": "3.5.6",
        "@vue/compiler-sfc": "3.5.6",
        "@vue/runtime-dom": "3.5.6",
        "@vue/server-renderer": "3.5.6",
        "@vue/shared": "3.5.6"
      },
      "peerDependencies": {
        "typescript": "*"
      },
      "peerDependenciesMeta": {
        "typescript": {
          "optional": true
        }
      }
    },
    "node_modules/vue-router": {
      "version": "4.4.5",
      "resolved": "https://registry.npmjs.org/vue-router/-/vue-router-4.4.5.tgz",
      "integrity": "sha512-4fKZygS8cH1yCyuabAXGUAsyi1b2/o/OKgu/RUb+znIYOxPRxdkytJEx+0wGcpBE1pX6vUgh5jwWOKRGvuA/7Q==",
      "license": "MIT",
      "dependencies": {
        "@vue/devtools-api": "^6.6.4"
      },
      "funding": {
        "url": "https://github.com/sponsors/posva"
      },
      "peerDependencies": {
        "vue": "^3.2.0"
      }
    },
    "node_modules/zod": {
      "resolved": "../node_modules/.pnpm/zod@3.23.8/node_modules/zod",
      "link": true
    }
  }
}
